{
  "version": "v1",
  "packages": {
    "@stoplight/tree-list": {
      "signature": "f9e98daf4c8696dfeca81a6f750ab86c",
      "file": true,
      "replaced": "^3.6.0"
    },
    "@stoplight/ui-kit": {
      "signature": "9408822902b7faff2eb2a4e9f93fc141",
      "file": true,
      "replaced": "2.0.0-beta.10"
    },
    "@stoplight/markdown-viewer": {
      "signature": "8bf9c18fb3f4d6c2a530db7ed530c299",
      "file": true
    }
  }
}