{
  "version": "v1",
  "packages": {
    "@stoplight/ui-kit": {
      "signature": "d8f2e30714a553d01ed9529134b67c6e",
      "file": true,
      "replaced": "1.49.3"
    },
    "@stoplight/tree-list": {
      "signature": "dbc35fcc859751432db35254c6b39083",
      "file": true,
      "replaced": "^3.6.0"
    }
  }
}